<?xml version="1.0" encoding="utf-8"?>
<Project ToolsVersion="4.0" xmlns="http://schemas.microsoft.com/developer/msbuild/2003">
  <ItemGroup>
    <Filter Include="Source Files">
      <UniqueIdentifier>{1a930512-cbe1-4827-9be8-65bdbfe87886}</UniqueIdentifier>
      <Extensions>cpp;c;cxx;def;odl;idl;hpj;bat;asm</Extensions>
    </Filter>
    <Filter Include="Header Files">
      <UniqueIdentifier>{f96f5aaa-ec56-4657-961c-abb064b92f58}</UniqueIdentifier>
      <Extensions>h;hpp;hxx;hm;inl;inc</Extensions>
    </Filter>
    <Filter Include="Resource Files">
      <UniqueIdentifier>{5ac06322-c7ad-487b-ba70-0fc1ecb1150f}</UniqueIdentifier>
      <Extensions>rc;ico;cur;bmp;dlg;rc2;rct;bin;rgs;jpg;jpeg;jpe;manifest</Extensions>
    </Filter>
    <Filter Include="Source Files\UI">
      <UniqueIdentifier>{a261d9be-7fbf-431e-a825-b12d5f190036}</UniqueIdentifier>
    </Filter>
    <Filter Include="Source Files\Logical">
      <UniqueIdentifier>{6fbc842c-8be4-4d78-ac7e-8619137e91a3}</UniqueIdentifier>
    </Filter>
  </ItemGroup>
  <ItemGroup>
    <ClCompile Include="stdafx.cpp">
      <Filter>Source Files</Filter>
    </ClCompile>
    <ClCompile Include="MainFrm.cpp">
      <Filter>Source Files\UI</Filter>
    </ClCompile>
    <ClCompile Include="FilterRulesDlg.cpp">
      <Filter>Source Files\UI</Filter>
    </ClCompile>
    <ClCompile Include="SLogMessageManager.cpp">
      <Filter>Source Files\Logical</Filter>
    </ClCompile>
    <ClCompile Include="SLogItemDetailView.cpp">
      <Filter>Source Files\UI</Filter>
    </ClCompile>
    <ClCompile Include="SLogItemListView.cpp">
      <Filter>Source Files\UI</Filter>
    </ClCompile>
    <ClCompile Include="SLogViewer.cpp">
      <Filter>Source Files</Filter>
    </ClCompile>
    <ClCompile Include="SLogReceiver.cpp">
      <Filter>Source Files\Logical</Filter>
    </ClCompile>
    <ClCompile Include="SLogFilterManager.cpp">
      <Filter>Source Files\Logical</Filter>
    </ClCompile>
  </ItemGroup>
  <ItemGroup>
    <ClInclude Include="stdafx.h">
      <Filter>Header Files</Filter>
    </ClInclude>
    <ClInclude Include="AboutDlg.h">
      <Filter>Header Files</Filter>
    </ClInclude>
    <ClInclude Include="resource.h">
      <Filter>Header Files</Filter>
    </ClInclude>
    <ClInclude Include="MainFrm.h">
      <Filter>Source Files\UI</Filter>
    </ClInclude>
    <ClInclude Include="FilterRulesDlg.h">
      <Filter>Source Files\UI</Filter>
    </ClInclude>
    <ClInclude Include="SLogMessageManager.h">
      <Filter>Source Files\Logical</Filter>
    </ClInclude>
    <ClInclude Include="SLogItemDetailView.h">
      <Filter>Source Files\UI</Filter>
    </ClInclude>
    <ClInclude Include="SLogItemListView.h">
      <Filter>Source Files\UI</Filter>
    </ClInclude>
    <ClInclude Include="SLogReceiver.h">
      <Filter>Source Files\Logical</Filter>
    </ClInclude>
    <ClInclude Include="SLogFilterManager.h">
      <Filter>Source Files\Logical</Filter>
    </ClInclude>
  </ItemGroup>
  <ItemGroup>
    <None Include="res\toolbar.bmp">
      <Filter>Resource Files</Filter>
    </None>
    <None Include="res\SLogViewer.ico">
      <Filter>Resource Files</Filter>
    </None>
  </ItemGroup>
  <ItemGroup>
    <Image Include="res\toolbar_res.bmp">
      <Filter>Resource Files</Filter>
    </Image>
  </ItemGroup>
  <ItemGroup>
    <ResourceCompile Include="SLogViewer.rc">
      <Filter>Resource Files</Filter>
    </ResourceCompile>
  </ItemGroup>
</Project>