<?xml version="1.0" encoding="utf-8"?>
<Project ToolsVersion="4.0" xmlns="http://schemas.microsoft.com/developer/msbuild/2003">
  <ItemGroup>
    <Filter Include="Interface">
      <UniqueIdentifier>{6a7795d0-d9f5-4dc9-9ab6-7a89ff23c03b}</UniqueIdentifier>
    </Filter>
    <Filter Include="Message">
      <UniqueIdentifier>{238d8ef7-cf3f-47d2-84c9-f20437e1ce2f}</UniqueIdentifier>
    </Filter>
  </ItemGroup>
  <ItemGroup>
    <ClCompile Include="$(MSBuildThisFileDirectory)Message\SLoggerMessage.cpp">
      <Filter>Message</Filter>
    </ClCompile>
  </ItemGroup>
  <ItemGroup>
    <ClInclude Include="$(MSBuildThisFileDirectory)Message\SLoggerMessage.h">
      <Filter>Message</Filter>
    </ClInclude>
    <ClInclude Include="$(MSBuildThisFileDirectory)Interface\ISLoggerMessage.h">
      <Filter>Interface</Filter>
    </ClInclude>
  </ItemGroup>
</Project>